// !$*UTF8*$!
{
	archiveVersion = 1;
	classes = {
	};
	objectVersion = 77;
	objects = {

/* Begin PBXContainerItemProxy section */
		01A4FC332E55C82300FC76F1 /* PBXContainerItemProxy */ = {
			isa = PBXContainerItemProxy;
			containerPortal = 01A4FC1A2E55C82000FC76F1 /* Project object */;
			proxyType = 1;
			remoteGlobalIDString = 01A4FC212E55C82000FC76F1;
			remoteInfo = ProductListSwiftUIApp;
		};
		01A4FC3D2E55C82300FC76F1 /* PBXContainerItemProxy */ = {
			isa = PBXContainerItemProxy;
			containerPortal = 01A4FC1A2E55C82000FC76F1 /* Project object */;
			proxyType = 1;
			remoteGlobalIDString = 01A4FC212E55C82000FC76F1;
			remoteInfo = ProductListSwiftUIApp;
		};
/* End PBXContainerItemProxy section */

/* Begin PBXFileReference section */
		01A4FC222E55C82000FC76F1 /* ProductListSwiftUIApp.app */ = {isa = PBXFileReference; explicitFileType = wrapper.application; includeInIndex = 0; path = ProductListSwiftUIApp.app; sourceTree = BUILT_PRODUCTS_DIR; };
		01A4FC322E55C82300FC76F1 /* ProductListSwiftUIAppTests.xctest */ = {isa = PBXFileReference; explicitFileType = wrapper.cfbundle; includeInIndex = 0; path = ProductListSwiftUIAppTests.xctest; sourceTree = BUILT_PRODUCTS_DIR; };
		01A4FC3C2E55C82300FC76F1 /* ProductListSwiftUIAppUITests.xctest */ = {isa = PBXFileReference; explicitFileType = wrapper.cfbundle; includeInIndex = 0; path = ProductListSwiftUIAppUITests.xctest; sourceTree = BUILT_PRODUCTS_DIR; };
/* End PBXFileReference section */

/* Begin PBXFileSystemSynchronizedRootGroup section */
		01A4FC242E55C82000FC76F1 /* ProductListSwiftUIApp */ = {
			isa = PBXFileSystemSynchronizedRootGroup;
			path = ProductListSwiftUIApp;
			sourceTree = "<group>";
		};
		01A4FC352E55C82300FC76F1 /* ProductListSwiftUIAppTests */ = {
			isa = PBXFileSystemSynchronizedRootGroup;
			path = ProductListSwiftUIAppTests;
			sourceTree = "<group>";
		};
		01A4FC3F2E55C82300FC76F1 /* ProductListSwiftUIAppUITests */ = {
			isa = PBXFileSystemSynchronizedRootGroup;
			path = ProductListSwiftUIAppUITests;
			sourceTree = "<group>";
		};
/* End PBXFileSystemSynchronizedRootGroup section */

/* Begin PBXFrameworksBuildPhase section */
		01A4FC1F2E55C82000FC76F1 /* Frameworks */ = {
			isa = PBXFrameworksBuildPhase;
			buildActionMask = 2147483647;
			files = (
			);
			runOnlyForDeploymentPostprocessing = 0;
		};
		01A4FC2F2E55C82300FC76F1 /* Frameworks */ = {
			isa = PBXFrameworksBuildPhase;
			buildActionMask = 2147483647;
			files = (
			);
			runOnlyForDeploymentPostprocessing = 0;
		};
		01A4FC392E55C82300FC76F1 /* Frameworks */ = {
			isa = PBXFrameworksBuildPhase;
			buildActionMask = 2147483647;
			files = (
			);
			runOnlyForDeploymentPostprocessing = 0;
		};
/* End PBXFrameworksBuildPhase section */

/* Begin PBXGroup section */
		01A4FC192E55C82000FC76F1 = {
			isa = PBXGroup;
			children = (
				01A4FC242E55C82000FC76F1 /* ProductListSwiftUIApp */,
				01A4FC352E55C82300FC76F1 /* ProductListSwiftUIAppTests */,
				01A4FC3F2E55C82300FC76F1 /* ProductListSwiftUIAppUITests */,
				01A4FC232E55C82000FC76F1 /* Products */,
			);
			sourceTree = "<group>";
		};
		01A4FC232E55C82000FC76F1 /* Products */ = {
			isa = PBXGroup;
			children = (
				01A4FC222E55C82000FC76F1 /* ProductListSwiftUIApp.app */,
				01A4FC322E55C82300FC76F1 /* ProductListSwiftUIAppTests.xctest */,
				01A4FC3C2E55C82300FC76F1 /* ProductListSwiftUIAppUITests.xctest */,
			);
			name = Products;
			sourceTree = "<group>";
		};
/* End PBXGroup section */

/* Begin PBXNativeTarget section */
		01A4FC212E55C82000FC76F1 /* ProductListSwiftUIApp */ = {
			isa = PBXNativeTarget;
			buildConfigurationList = 01A4FC462E55C82300FC76F1 /* Build configuration list for PBXNativeTarget "ProductListSwiftUIApp" */;
			buildPhases = (
				01A4FC1E2E55C82000FC76F1 /* Sources */,
				01A4FC1F2E55C82000FC76F1 /* Frameworks */,
				01A4FC202E55C82000FC76F1 /* Resources */,
			);
			buildRules = (
			);
			dependencies = (
			);
			fileSystemSynchronizedGroups = (
				01A4FC242E55C82000FC76F1 /* ProductListSwiftUIApp */,
			);
			name = ProductListSwiftUIApp;
			packageProductDependencies = (
			);
			productName = ProductListSwiftUIApp;
			productReference = 01A4FC222E55C82000FC76F1 /* ProductListSwiftUIApp.app */;
			productType = "com.apple.product-type.application";
		};
		01A4FC312E55C82300FC76F1 /* ProductListSwiftUIAppTests */ = {
			isa = PBXNativeTarget;
			buildConfigurationList = 01A4FC492E55C82300FC76F1 /* Build configuration list for PBXNativeTarget "ProductListSwiftUIAppTests" */;
			buildPhases = (
				01A4FC2E2E55C82300FC76F1 /* Sources */,
				01A4FC2F2E55C82300FC76F1 /* Frameworks */,
				01A4FC302E55C82300FC76F1 /* Resources */,
			);
			buildRules = (
			);
			dependencies = (
				01A4FC342E55C82300FC76F1 /* PBXTargetDependency */,
			);
			fileSystemSynchronizedGroups = (
				01A4FC352E55C82300FC76F1 /* ProductListSwiftUIAppTests */,
			);
			name = ProductListSwiftUIAppTests;
			packageProductDependencies = (
			);
			productName = ProductListSwiftUIAppTests;
			productReference = 01A4FC322E55C82300FC76F1 /* ProductListSwiftUIAppTests.xctest */;
			productType = "com.apple.product-type.bundle.unit-test";
		};
		01A4FC3B2E55C82300FC76F1 /* ProductListSwiftUIAppUITests */ = {
			isa = PBXNativeTarget;
			buildConfigurationList = 01A4FC4C2E55C82300FC76F1 /* Build configuration list for PBXNativeTarget "ProductListSwiftUIAppUITests" */;
			buildPhases = (
				01A4FC382E55C82300FC76F1 /* Sources */,
				01A4FC392E55C82300FC76F1 /* Frameworks */,
				01A4FC3A2E55C82300FC76F1 /* Resources */,
			);
			buildRules = (
			);
			dependencies = (
				01A4FC3E2E55C82300FC76F1 /* PBXTargetDependency */,
			);
			fileSystemSynchronizedGroups = (
				01A4FC3F2E55C82300FC76F1 /* ProductListSwiftUIAppUITests */,
			);
			name = ProductListSwiftUIAppUITests;
			packageProductDependencies = (
			);
			productName = ProductListSwiftUIAppUITests;
			productReference = 01A4FC3C2E55C82300FC76F1 /* ProductListSwiftUIAppUITests.xctest */;
			productType = "com.apple.product-type.bundle.ui-testing";
		};
/* End PBXNativeTarget section */

/* Begin PBXProject section */
		01A4FC1A2E55C82000FC76F1 /* Project object */ = {
			isa = PBXProject;
			attributes = {
				BuildIndependentTargetsInParallel = 1;
				LastSwiftUpdateCheck = 1620;
				LastUpgradeCheck = 1620;
				TargetAttributes = {
					01A4FC212E55C82000FC76F1 = {
						CreatedOnToolsVersion = 16.2;
					};
					01A4FC312E55C82300FC76F1 = {
						CreatedOnToolsVersion = 16.2;
						TestTargetID = 01A4FC212E55C82000FC76F1;
					};
					01A4FC3B2E55C82300FC76F1 = {
						CreatedOnToolsVersion = 16.2;
						TestTargetID = 01A4FC212E55C82000FC76F1;
					};
				};
			};
			buildConfigurationList = 01A4FC1D2E55C82000FC76F1 /* Build configuration list for PBXProject "ProductListSwiftUIApp" */;
			developmentRegion = en;
			hasScannedForEncodings = 0;
			knownRegions = (
				en,
				Base,
			);
			mainGroup = 01A4FC192E55C82000FC76F1;
			minimizedProjectReferenceProxies = 1;
			preferredProjectObjectVersion = 77;
			productRefGroup = 01A4FC232E55C82000FC76F1 /* Products */;
			projectDirPath = "";
			projectRoot = "";
			targets = (
				01A4FC212E55C82000FC76F1 /* ProductListSwiftUIApp */,
				01A4FC312E55C82300FC76F1 /* ProductListSwiftUIAppTests */,
				01A4FC3B2E55C82300FC76F1 /* ProductListSwiftUIAppUITests */,
			);
		};
/* End PBXProject section */

/* Begin PBXResourcesBuildPhase section */
		01A4FC202E55C82000FC76F1 /* Resources */ = {
			isa = PBXResourcesBuildPhase;
			buildActionMask = 2147483647;
			files = (
			);
			runOnlyForDeploymentPostprocessing = 0;
		};
		01A4FC302E55C82300FC76F1 /* Resources */ = {
			isa = PBXResourcesBuildPhase;
			buildActionMask = 2147483647;
			files = (
			);
			runOnlyForDeploymentPostprocessing = 0;
		};
		01A4FC3A2E55C82300FC76F1 /* Resources */ = {
			isa = PBXResourcesBuildPhase;
			buildActionMask = 2147483647;
			files = (
			);
			runOnlyForDeploymentPostprocessing = 0;
		};
/* End PBXResourcesBuildPhase section */

/* Begin PBXSourcesBuildPhase section */
		01A4FC1E2E55C82000FC76F1 /* Sources */ = {
			isa = PBXSourcesBuildPhase;
			buildActionMask = 2147483647;
			files = (
			);
			runOnlyForDeploymentPostprocessing = 0;
		};
		01A4FC2E2E55C82300FC76F1 /* Sources */ = {
			isa = PBXSourcesBuildPhase;
			buildActionMask = 2147483647;
			files = (
			);
			runOnlyForDeploymentPostprocessing = 0;
		};
		01A4FC382E55C82300FC76F1 /* Sources */ = {
			isa = PBXSourcesBuildPhase;
			buildActionMask = 2147483647;
			files = (
			);
			runOnlyForDeploymentPostprocessing = 0;
		};
/* End PBXSourcesBuildPhase section */

/* Begin PBXTargetDependency section */
		01A4FC342E55C82300FC76F1 /* PBXTargetDependency */ = {
			isa = PBXTargetDependency;
			target = 01A4FC212E55C82000FC76F1 /* ProductListSwiftUIApp */;
			targetProxy = 01A4FC332E55C82300FC76F1 /* PBXContainerItemProxy */;
		};
		01A4FC3E2E55C82300FC76F1 /* PBXTargetDependency */ = {
			isa = PBXTargetDependency;
			target = 01A4FC212E55C82000FC76F1 /* ProductListSwiftUIApp */;
			targetProxy = 01A4FC3D2E55C82300FC76F1 /* PBXContainerItemProxy */;
		};
/* End PBXTargetDependency section */

/* Begin XCBuildConfiguration section */
		01A4FC442E55C82300FC76F1 /* Debug */ = {
			isa = XCBuildConfiguration;
			buildSettings = {
				ALWAYS_SEARCH_USER_PATHS = NO;
				ASSETCATALOG_COMPILER_GENERATE_SWIFT_ASSET_SYMBOL_EXTENSIONS = YES;
				CLANG_ANALYZER_NONNULL = YES;
				CLANG_ANALYZER_NUMBER_OBJECT_CONVERSION = YES_AGGRESSIVE;
				CLANG_CXX_LANGUAGE_STANDARD = "gnu++20";
				CLANG_ENABLE_MODULES = YES;
				CLANG_ENABLE_OBJC_ARC = YES;
				CLANG_ENABLE_OBJC_WEAK = YES;
				CLANG_WARN_BLOCK_CAPTURE_AUTORELEASING = YES;
				CLANG_WARN_BOOL_CONVERSION = YES;
				CLANG_WARN_COMMA = YES;
				CLANG_WARN_CONSTANT_CONVERSION = YES;
				CLANG_WARN_DEPRECATED_OBJC_IMPLEMENTATIONS = YES;
				CLANG_WARN_DIRECT_OBJC_ISA_USAGE = YES_ERROR;
				CLANG_WARN_DOCUMENTATION_COMMENTS = YES;
				CLANG_WARN_EMPTY_BODY = YES;
				CLANG_WARN_ENUM_CONVERSION = YES;
				CLANG_WARN_INFINITE_RECURSION = YES;
				CLANG_WARN_INT_CONVERSION = YES;
				CLANG_WARN_NON_LITERAL_NULL_CONVERSION = YES;
				CLANG_WARN_OBJC_IMPLICIT_RETAIN_SELF = YES;
				CLANG_WARN_OBJC_LITERAL_CONVERSION = YES;
				CLANG_WARN_OBJC_ROOT_CLASS = YES_ERROR;
				CLANG_WARN_QUOTED_INCLUDE_IN_FRAMEWORK_HEADER = YES;
				CLANG_WARN_RANGE_LOOP_ANALYSIS = YES;
				CLANG_WARN_STRICT_PROTOTYPES = YES;
				CLANG_WARN_SUSPICIOUS_MOVE = YES;
				CLANG_WARN_UNGUARDED_AVAILABILITY = YES_AGGRESSIVE;
				CLANG_WARN_UNREACHABLE_CODE = YES;
				CLANG_WARN__DUPLICATE_METHOD_MATCH = YES;
				COPY_PHASE_STRIP = NO;
				DEBUG_INFORMATION_FORMAT = dwarf;
				ENABLE_STRICT_OBJC_MSGSEND = YES;
				ENABLE_TESTABILITY = YES;
				ENABLE_USER_SCRIPT_SANDBOXING = YES;
				GCC_C_LANGUAGE_STANDARD = gnu17;
				GCC_DYNAMIC_NO_PIC = NO;
				GCC_NO_COMMON_BLOCKS = YES;
				GCC_OPTIMIZATION_LEVEL = 0;
				GCC_PREPROCESSOR_DEFINITIONS = (
					"DEBUG=1",
					"$(inherited)",
				);
				GCC_WARN_64_TO_32_BIT_CONVERSION = YES;
				GCC_WARN_ABOUT_RETURN_TYPE = YES_ERROR;
				GCC_WARN_UNDECLARED_SELECTOR = YES;
				GCC_WARN_UNINITIALIZED_AUTOS = YES_AGGRESSIVE;
				GCC_WARN_UNUSED_FUNCTION = YES;
				GCC_WARN_UNUSED_VARIABLE = YES;
				IPHONEOS_DEPLOYMENT_TARGET = 18.2;
				LOCALIZATION_PREFERS_STRING_CATALOGS = YES;
				MTL_ENABLE_DEBUG_INFO = INCLUDE_SOURCE;
				MTL_FAST_MATH = YES;
				ONLY_ACTIVE_ARCH = YES;
				SDKROOT = iphoneos;
				SWIFT_ACTIVE_COMPILATION_CONDITIONS = "DEBUG $(inherited)";
				SWIFT_OPTIMIZATION_LEVEL = "-Onone";
			};
			name = Debug;
		};
		01A4FC452E55C82300FC76F1 /* Release */ = {
			isa = XCBuildConfiguration;
			buildSettings = {
				ALWAYS_SEARCH_USER_PATHS = NO;
				ASSETCATALOG_COMPILER_GENERATE_SWIFT_ASSET_SYMBOL_EXTENSIONS = YES;
				CLANG_ANALYZER_NONNULL = YES;
				CLANG_ANALYZER_NUMBER_OBJECT_CONVERSION = YES_AGGRESSIVE;
				CLANG_CXX_LANGUAGE_STANDARD = "gnu++20";
				CLANG_ENABLE_MODULES = YES;
				CLANG_ENABLE_OBJC_ARC = YES;
				CLANG_ENABLE_OBJC_WEAK = YES;
				CLANG_WARN_BLOCK_CAPTURE_AUTORELEASING = YES;
				CLANG_WARN_BOOL_CONVERSION = YES;
				CLANG_WARN_COMMA = YES;
				CLANG_WARN_CONSTANT_CONVERSION = YES;
				CLANG_WARN_DEPRECATED_OBJC_IMPLEMENTATIONS = YES;
				CLANG_WARN_DIRECT_OBJC_ISA_USAGE = YES_ERROR;
				CLANG_WARN_DOCUMENTATION_COMMENTS = YES;
				CLANG_WARN_EMPTY_BODY = YES;
				CLANG_WARN_ENUM_CONVERSION = YES;
				CLANG_WARN_INFINITE_RECURSION = YES;
				CLANG_WARN_INT_CONVERSION = YES;
				CLANG_WARN_NON_LITERAL_NULL_CONVERSION = YES;
				CLANG_WARN_OBJC_IMPLICIT_RETAIN_SELF = YES;
				CLANG_WARN_OBJC_LITERAL_CONVERSION = YES;
				CLANG_WARN_OBJC_ROOT_CLASS = YES_ERROR;
				CLANG_WARN_QUOTED_INCLUDE_IN_FRAMEWORK_HEADER = YES;
				CLANG_WARN_RANGE_LOOP_ANALYSIS = YES;
				CLANG_WARN_STRICT_PROTOTYPES = YES;
				CLANG_WARN_SUSPICIOUS_MOVE = YES;
				CLANG_WARN_UNGUARDED_AVAILABILITY = YES_AGGRESSIVE;
				CLANG_WARN_UNREACHABLE_CODE = YES;
				CLANG_WARN__DUPLICATE_METHOD_MATCH = YES;
				COPY_PHASE_STRIP = NO;
				DEBUG_INFORMATION_FORMAT = "dwarf-with-dsym";
				ENABLE_NS_ASSERTIONS = NO;
				ENABLE_STRICT_OBJC_MSGSEND = YES;
				ENABLE_USER_SCRIPT_SANDBOXING = YES;
				GCC_C_LANGUAGE_STANDARD = gnu17;
				GCC_NO_COMMON_BLOCKS = YES;
				GCC_WARN_64_TO_32_BIT_CONVERSION = YES;
				GCC_WARN_ABOUT_RETURN_TYPE = YES_ERROR;
				GCC_WARN_UNDECLARED_SELECTOR = YES;
				GCC_WARN_UNINITIALIZED_AUTOS = YES_AGGRESSIVE;
				GCC_WARN_UNUSED_FUNCTION = YES;
				GCC_WARN_UNUSED_VARIABLE = YES;
				IPHONEOS_DEPLOYMENT_TARGET = 18.2;
				LOCALIZATION_PREFERS_STRING_CATALOGS = YES;
				MTL_ENABLE_DEBUG_INFO = NO;
				MTL_FAST_MATH = YES;
				SDKROOT = iphoneos;
				SWIFT_COMPILATION_MODE = wholemodule;
				VALIDATE_PRODUCT = YES;
			};
			name = Release;
		};
		01A4FC472E55C82300FC76F1 /* Debug */ = {
			isa = XCBuildConfiguration;
			buildSettings = {
				ASSETCATALOG_COMPILER_APPICON_NAME = AppIcon;
				ASSETCATALOG_COMPILER_GLOBAL_ACCENT_COLOR_NAME = AccentColor;
				CODE_SIGN_STYLE = Automatic;
				CURRENT_PROJECT_VERSION = 1;
				DEVELOPMENT_ASSET_PATHS = "\"ProductListSwiftUIApp/Preview Content\"";
				ENABLE_PREVIEWS = YES;
				GENERATE_INFOPLIST_FILE = YES;
				INFOPLIST_KEY_UIApplicationSceneManifest_Generation = YES;
				INFOPLIST_KEY_UIApplicationSupportsIndirectInputEvents = YES;
				INFOPLIST_KEY_UILaunchScreen_Generation = YES;
				INFOPLIST_KEY_UISupportedInterfaceOrientations_iPad = "UIInterfaceOrientationPortrait UIInterfaceOrientationPortraitUpsideDown UIInterfaceOrientationLandscapeLeft UIInterfaceOrientationLandscapeRight";
				INFOPLIST_KEY_UISupportedInterfaceOrientations_iPhone = "UIInterfaceOrientationPortrait UIInterfaceOrientationLandscapeLeft UIInterfaceOrientationLandscapeRight";
				IPHONEOS_DEPLOYMENT_TARGET = 16.6;
				LD_RUNPATH_SEARCH_PATHS = (
					"$(inherited)",
					"@executable_path/Frameworks",
				);
				MARKETING_VERSION = 1.0;
				PRODUCT_BUNDLE_IDENTIFIER = com.may.homework.ProductListSwiftUIApp;
				PRODUCT_NAME = "$(TARGET_NAME)";
				SWIFT_EMIT_LOC_STRINGS = YES;
				SWIFT_VERSION = 5.0;
				TARGETED_DEVICE_FAMILY = "1,2";
			};
			name = Debug;
		};
		01A4FC482E55C82300FC76F1 /* Release */ = {
			isa = XCBuildConfiguration;
			buildSettings = {
				ASSETCATALOG_COMPILER_APPICON_NAME = AppIcon;
				ASSETCATALOG_COMPILER_GLOBAL_ACCENT_COLOR_NAME = AccentColor;
				CODE_SIGN_STYLE = Automatic;
				CURRENT_PROJECT_VERSION = 1;
				DEVELOPMENT_ASSET_PATHS = "\"ProductListSwiftUIApp/Preview Content\"";
				ENABLE_PREVIEWS = YES;
				GENERATE_INFOPLIST_FILE = YES;
				INFOPLIST_KEY_UIApplicationSceneManifest_Generation = YES;
				INFOPLIST_KEY_UIApplicationSupportsIndirectInputEvents = YES;
				INFOPLIST_KEY_UILaunchScreen_Generation = YES;
				INFOPLIST_KEY_UISupportedInterfaceOrientations_iPad = "UIInterfaceOrientationPortrait UIInterfaceOrientationPortraitUpsideDown UIInterfaceOrientationLandscapeLeft UIInterfaceOrientationLandscapeRight";
				INFOPLIST_KEY_UISupportedInterfaceOrientations_iPhone = "UIInterfaceOrientationPortrait UIInterfaceOrientationLandscapeLeft UIInterfaceOrientationLandscapeRight";
				IPHONEOS_DEPLOYMENT_TARGET = 16.6;
				LD_RUNPATH_SEARCH_PATHS = (
					"$(inherited)",
					"@executable_path/Frameworks",
				);
				MARKETING_VERSION = 1.0;
				PRODUCT_BUNDLE_IDENTIFIER = com.may.homework.ProductListSwiftUIApp;
				PRODUCT_NAME = "$(TARGET_NAME)";
				SWIFT_EMIT_LOC_STRINGS = YES;
				SWIFT_VERSION = 5.0;
				TARGETED_DEVICE_FAMILY = "1,2";
			};
			name = Release;
		};
		01A4FC4A2E55C82300FC76F1 /* Debug */ = {
			isa = XCBuildConfiguration;
			buildSettings = {
				BUNDLE_LOADER = "$(TEST_HOST)";
				CODE_SIGN_STYLE = Automatic;
				CURRENT_PROJECT_VERSION = 1;
				GENERATE_INFOPLIST_FILE = YES;
				IPHONEOS_DEPLOYMENT_TARGET = 18.2;
				MARKETING_VERSION = 1.0;
				PRODUCT_BUNDLE_IDENTIFIER = com.cjenm1111111.ddd.may.homework.ProductListSwiftUIAppTests;
				PRODUCT_NAME = "$(TARGET_NAME)";
				SWIFT_EMIT_LOC_STRINGS = NO;
				SWIFT_VERSION = 5.0;
				TARGETED_DEVICE_FAMILY = "1,2";
				TEST_HOST = "$(BUILT_PRODUCTS_DIR)/ProductListSwiftUIApp.app/$(BUNDLE_EXECUTABLE_FOLDER_PATH)/ProductListSwiftUIApp";
			};
			name = Debug;
		};
		01A4FC4B2E55C82300FC76F1 /* Release */ = {
			isa = XCBuildConfiguration;
			buildSettings = {
				BUNDLE_LOADER = "$(TEST_HOST)";
				CODE_SIGN_STYLE = Automatic;
				CURRENT_PROJECT_VERSION = 1;
				GENERATE_INFOPLIST_FILE = YES;
				IPHONEOS_DEPLOYMENT_TARGET = 18.2;
				MARKETING_VERSION = 1.0;
				PRODUCT_BUNDLE_IDENTIFIER = com.cjenm1111111.ddd.may.homework.ProductListSwiftUIAppTests;
				PRODUCT_NAME = "$(TARGET_NAME)";
				SWIFT_EMIT_LOC_STRINGS = NO;
				SWIFT_VERSION = 5.0;
				TARGETED_DEVICE_FAMILY = "1,2";
				TEST_HOST = "$(BUILT_PRODUCTS_DIR)/ProductListSwiftUIApp.app/$(BUNDLE_EXECUTABLE_FOLDER_PATH)/ProductListSwiftUIApp";
			};
			name = Release;
		};
		01A4FC4D2E55C82300FC76F1 /* Debug */ = {
			isa = XCBuildConfiguration;
			buildSettings = {
				CODE_SIGN_STYLE = Automatic;
				CURRENT_PROJECT_VERSION = 1;
				GENERATE_INFOPLIST_FILE = YES;
				MARKETING_VERSION = 1.0;
				PRODUCT_BUNDLE_IDENTIFIER = com.cjenm1111111.ddd.may.homework.ProductListSwiftUIAppUITests;
				PRODUCT_NAME = "$(TARGET_NAME)";
				SWIFT_EMIT_LOC_STRINGS = NO;
				SWIFT_VERSION = 5.0;
				TARGETED_DEVICE_FAMILY = "1,2";
				TEST_TARGET_NAME = ProductListSwiftUIApp;
			};
			name = Debug;
		};
		01A4FC4E2E55C82300FC76F1 /* Release */ = {
			isa = XCBuildConfiguration;
			buildSettings = {
				CODE_SIGN_STYLE = Automatic;
				CURRENT_PROJECT_VERSION = 1;
				GENERATE_INFOPLIST_FILE = YES;
				MARKETING_VERSION = 1.0;
				PRODUCT_BUNDLE_IDENTIFIER = com.cjenm1111111.ddd.may.homework.ProductListSwiftUIAppUITests;
				PRODUCT_NAME = "$(TARGET_NAME)";
				SWIFT_EMIT_LOC_STRINGS = NO;
				SWIFT_VERSION = 5.0;
				TARGETED_DEVICE_FAMILY = "1,2";
				TEST_TARGET_NAME = ProductListSwiftUIApp;
			};
			name = Release;
		};
/* End XCBuildConfiguration section */

/* Begin XCConfigurationList section */
		01A4FC1D2E55C82000FC76F1 /* Build configuration list for PBXProject "ProductListSwiftUIApp" */ = {
			isa = XCConfigurationList;
			buildConfigurations = (
				01A4FC442E55C82300FC76F1 /* Debug */,
				01A4FC452E55C82300FC76F1 /* Release */,
			);
			defaultConfigurationIsVisible = 0;
			defaultConfigurationName = Release;
		};
		01A4FC462E55C82300FC76F1 /* Build configuration list for PBXNativeTarget "ProductListSwiftUIApp" */ = {
			isa = XCConfigurationList;
			buildConfigurations = (
				01A4FC472E55C82300FC76F1 /* Debug */,
				01A4FC482E55C82300FC76F1 /* Release */,
			);
			defaultConfigurationIsVisible = 0;
			defaultConfigurationName = Release;
		};
		01A4FC492E55C82300FC76F1 /* Build configuration list for PBXNativeTarget "ProductListSwiftUIAppTests" */ = {
			isa = XCConfigurationList;
			buildConfigurations = (
				01A4FC4A2E55C82300FC76F1 /* Debug */,
				01A4FC4B2E55C82300FC76F1 /* Release */,
			);
			defaultConfigurationIsVisible = 0;
			defaultConfigurationName = Release;
		};
		01A4FC4C2E55C82300FC76F1 /* Build configuration list for PBXNativeTarget "ProductListSwiftUIAppUITests" */ = {
			isa = XCConfigurationList;
			buildConfigurations = (
				01A4FC4D2E55C82300FC76F1 /* Debug */,
				01A4FC4E2E55C82300FC76F1 /* Release */,
			);
			defaultConfigurationIsVisible = 0;
			defaultConfigurationName = Release;
		};
/* End XCConfigurationList section */
	};
	rootObject = 01A4FC1A2E55C82000FC76F1 /* Project object */;
}
